
Microsoft Visual Studio Solution File, Format Version 12.00
# Visual Studio 15
VisualStudioVersion = 15.0.27703.2035
MinimumVisualStudioVersion = 10.0.40219.1
Project("{2150E333-8FDC-42A3-9474-1A3956D46DE8}") = "website", "website", "{3B67C411-7449-4C37-BD91-B0D1F3B4E449}"
EndProject
Project("{2150E333-8FDC-42A3-9474-1A3956D46DE8}") = "microservice", "microservice", "{8A37A684-5F45-4513-A956-9F23C4E2A8E0}"
EndProject
Project("{2150E333-8FDC-42A3-9474-1A3956D46DE8}") = "gateway", "gateway", "{7F1C43C3-D6AF-4C73-A691-32A89A737044}"
EndProject
Project("{2150E333-8FDC-42A3-9474-1A3956D46DE8}") = "mainsite", "mainsite", "{F07FA0DF-7B2A-41E9-89A5-17E5F6DA5698}"
EndProject
Project("{9A19103F-16F7-4668-BE54-9A1E7A4F7556}") = "DemoSite", "website\DemoSite\DemoSite.csproj", "{1CF6D88B-D240-4A45-8AA1-847BFE98C60C}"
EndProject
Project("{2150E333-8FDC-42A3-9474-1A3956D46DE8}") = "web", "web", "{573A4708-EC7B-4746-96CE-B4939BCA9CCC}"
EndProject
Project("{9A19103F-16F7-4668-BE54-9A1E7A4F7556}") = "Gateway.API", "gateway\web\Gateway.API\Gateway.API.csproj", "{6FE5C155-A48A-4239-8B4A-69DC2194A20B}"
EndProject
Project("{9A19103F-16F7-4668-BE54-9A1E7A4F7556}") = "Gateway.Model", "gateway\Gateway.Model\Gateway.Model.csproj", "{25946FAA-33D3-4D78-B169-607EF04C1566}"
EndProject
Project("{9A19103F-16F7-4668-BE54-9A1E7A4F7556}") = "Gateway.Middleware", "gateway\Gateway.Middleware\Gateway.Middleware.csproj", "{DED97C33-E778-4ED2-ABC0-6F4512BF7F31}"
EndProject
Project("{9A19103F-16F7-4668-BE54-9A1E7A4F7556}") = "Gateway.Common", "gateway\Gateway.Common\Gateway.Common.csproj", "{9C1EC444-DAA7-466C-A866-CCCA102DDDF3}"
EndProject
Project("{2150E333-8FDC-42A3-9474-1A3956D46DE8}") = "app", "app", "{7CE90E80-1984-4ABE-B790-D31822E75D2A}"
EndProject
Project("{2150E333-8FDC-42A3-9474-1A3956D46DE8}") = "core", "core", "{4FD176F6-2CCA-4ECB-BB2F-212016BCBE5C}"
EndProject
Project("{9A19103F-16F7-4668-BE54-9A1E7A4F7556}") = "Core.Common", "core\Core.Common\Core.Common.csproj", "{672F9467-6E30-48A8-B072-D205A31FEBAD}"
EndProject
Project("{9A19103F-16F7-4668-BE54-9A1E7A4F7556}") = "Core.Model", "core\Core.Model\Core.Model.csproj", "{60E9280C-306C-4F5A-B01B-4A19910B89A3}"
EndProject
Project("{2150E333-8FDC-42A3-9474-1A3956D46DE8}") = "News", "News", "{4F9A188C-E5C8-4185-A9DC-0E5ADA1A515B}"
EndProject
Project("{9A19103F-16F7-4668-BE54-9A1E7A4F7556}") = "News.API", "microservice\News\News.API\News.API.csproj", "{88F3BBD3-0864-430E-BA4D-6F81208B5756}"
EndProject
Project("{9A19103F-16F7-4668-BE54-9A1E7A4F7556}") = "News.BLL", "microservice\News\News.Business\News.BLL.csproj", "{A0992E87-990E-4872-9BFB-CAB17F662C1A}"
EndProject
Project("{9A19103F-16F7-4668-BE54-9A1E7A4F7556}") = "News.Model", "microservice\News\News.Model\News.Model.csproj", "{E2819675-AEA0-4081-926E-EFB1434E6AF1}"
EndProject
Project("{9A19103F-16F7-4668-BE54-9A1E7A4F7556}") = "News.DAL", "microservice\News\News.DAL\News.DAL.csproj", "{12565F94-BA3F-4BC5-890F-D1918A4A94B5}"
EndProject
Project("{9A19103F-16F7-4668-BE54-9A1E7A4F7556}") = "News.Interface", "microservice\News\News.Interface\News.Interface.csproj", "{ACF40C16-DD12-44AC-8D90-085D8FE17D8E}"
EndProject
Project("{2150E333-8FDC-42A3-9474-1A3956D46DE8}") = "adminsite", "adminsite", "{DFE1B7B3-F5AF-4150-81D1-13240EEBD682}"
EndProject
Project("{9A19103F-16F7-4668-BE54-9A1E7A4F7556}") = "AdminsSite", "website\AdminsSite\AdminsSite.csproj", "{B8DEF235-2251-462E-AE4A-46ACE6C2B77A}"
EndProject
Project("{2150E333-8FDC-42A3-9474-1A3956D46DE8}") = "User", "User", "{29A62B4D-C821-4383-A9A1-102B42BE8006}"
EndProject
Project("{9A19103F-16F7-4668-BE54-9A1E7A4F7556}") = "User.API", "microservice\User\User.API\User.API.csproj", "{77C3DA53-CF48-4D99-81A7-056904CDF82D}"
EndProject
Project("{9A19103F-16F7-4668-BE54-9A1E7A4F7556}") = "User.Common", "microservice\User\User.Common\User.Common.csproj", "{3AB6D197-140D-4885-8E77-05DAA6055A3F}"
EndProject
Project("{9A19103F-16F7-4668-BE54-9A1E7A4F7556}") = "User.BLL", "microservice\User\User.BLL\User.BLL.csproj", "{ACA6F7A3-A8B8-4750-BD98-A665396762AF}"
EndProject
Project("{9A19103F-16F7-4668-BE54-9A1E7A4F7556}") = "User.DAL", "microservice\User\User.DAL\User.DAL.csproj", "{FBD0E155-683F-4F4A-B46F-FA489344ACF0}"
EndProject
Project("{9A19103F-16F7-4668-BE54-9A1E7A4F7556}") = "User.Model", "microservice\User\User.Model\User.Model.csproj", "{9FF52C38-BB88-4E59-8432-71B842EDC45B}"
EndProject
Project("{9A19103F-16F7-4668-BE54-9A1E7A4F7556}") = "Core.ORM.Dapper", "core\Core.ORM.Dapper\Core.ORM.Dapper.csproj", "{DEB87B62-EBA1-41F0-9C19-275443A0952D}"
EndProject
Project("{9A19103F-16F7-4668-BE54-9A1E7A4F7556}") = "User.Interface", "microservice\User\User.Interface\User.Interface.csproj", "{714F1F8B-5DA0-4ED7-B08B-576DF4E3D168}"
EndProject
Project("{FAE04EC0-301F-11D3-BF4B-00C04F79EFBC}") = "UserSite", "website\UserSite\UserSite.csproj", "{78220B3E-1266-4826-B99B-80E0D4C2CEEA}"
EndProject
Project("{2150E333-8FDC-42A3-9474-1A3956D46DE8}") = "userssite", "userssite", "{4816F138-C861-4684-BCA8-C4BA3C76DD2F}"
EndProject
Global
	GlobalSection(SolutionConfigurationPlatforms) = preSolution
		Debug|Any CPU = Debug|Any CPU
		Release|Any CPU = Release|Any CPU
	EndGlobalSection
	GlobalSection(ProjectConfigurationPlatforms) = postSolution
		{1CF6D88B-D240-4A45-8AA1-847BFE98C60C}.Debug|Any CPU.ActiveCfg = Debug|Any CPU
		{1CF6D88B-D240-4A45-8AA1-847BFE98C60C}.Debug|Any CPU.Build.0 = Debug|Any CPU
		{1CF6D88B-D240-4A45-8AA1-847BFE98C60C}.Release|Any CPU.ActiveCfg = Release|Any CPU
		{1CF6D88B-D240-4A45-8AA1-847BFE98C60C}.Release|Any CPU.Build.0 = Release|Any CPU
		{6FE5C155-A48A-4239-8B4A-69DC2194A20B}.Debug|Any CPU.ActiveCfg = Debug|Any CPU
		{6FE5C155-A48A-4239-8B4A-69DC2194A20B}.Debug|Any CPU.Build.0 = Debug|Any CPU
		{6FE5C155-A48A-4239-8B4A-69DC2194A20B}.Release|Any CPU.ActiveCfg = Release|Any CPU
		{6FE5C155-A48A-4239-8B4A-69DC2194A20B}.Release|Any CPU.Build.0 = Release|Any CPU
		{25946FAA-33D3-4D78-B169-607EF04C1566}.Debug|Any CPU.ActiveCfg = Debug|Any CPU
		{25946FAA-33D3-4D78-B169-607EF04C1566}.Debug|Any CPU.Build.0 = Debug|Any CPU
		{25946FAA-33D3-4D78-B169-607EF04C1566}.Release|Any CPU.ActiveCfg = Release|Any CPU
		{25946FAA-33D3-4D78-B169-607EF04C1566}.Release|Any CPU.Build.0 = Release|Any CPU
		{DED97C33-E778-4ED2-ABC0-6F4512BF7F31}.Debug|Any CPU.ActiveCfg = Debug|Any CPU
		{DED97C33-E778-4ED2-ABC0-6F4512BF7F31}.Debug|Any CPU.Build.0 = Debug|Any CPU
		{DED97C33-E778-4ED2-ABC0-6F4512BF7F31}.Release|Any CPU.ActiveCfg = Release|Any CPU
		{DED97C33-E778-4ED2-ABC0-6F4512BF7F31}.Release|Any CPU.Build.0 = Release|Any CPU
		{9C1EC444-DAA7-466C-A866-CCCA102DDDF3}.Debug|Any CPU.ActiveCfg = Debug|Any CPU
		{9C1EC444-DAA7-466C-A866-CCCA102DDDF3}.Debug|Any CPU.Build.0 = Debug|Any CPU
		{9C1EC444-DAA7-466C-A866-CCCA102DDDF3}.Release|Any CPU.ActiveCfg = Release|Any CPU
		{9C1EC444-DAA7-466C-A866-CCCA102DDDF3}.Release|Any CPU.Build.0 = Release|Any CPU
		{672F9467-6E30-48A8-B072-D205A31FEBAD}.Debug|Any CPU.ActiveCfg = Debug|Any CPU
		{672F9467-6E30-48A8-B072-D205A31FEBAD}.Debug|Any CPU.Build.0 = Debug|Any CPU
		{672F9467-6E30-48A8-B072-D205A31FEBAD}.Release|Any CPU.ActiveCfg = Release|Any CPU
		{672F9467-6E30-48A8-B072-D205A31FEBAD}.Release|Any CPU.Build.0 = Release|Any CPU
		{60E9280C-306C-4F5A-B01B-4A19910B89A3}.Debug|Any CPU.ActiveCfg = Debug|Any CPU
		{60E9280C-306C-4F5A-B01B-4A19910B89A3}.Debug|Any CPU.Build.0 = Debug|Any CPU
		{60E9280C-306C-4F5A-B01B-4A19910B89A3}.Release|Any CPU.ActiveCfg = Release|Any CPU
		{60E9280C-306C-4F5A-B01B-4A19910B89A3}.Release|Any CPU.Build.0 = Release|Any CPU
		{88F3BBD3-0864-430E-BA4D-6F81208B5756}.Debug|Any CPU.ActiveCfg = Debug|Any CPU
		{88F3BBD3-0864-430E-BA4D-6F81208B5756}.Debug|Any CPU.Build.0 = Debug|Any CPU
		{88F3BBD3-0864-430E-BA4D-6F81208B5756}.Release|Any CPU.ActiveCfg = Release|Any CPU
		{88F3BBD3-0864-430E-BA4D-6F81208B5756}.Release|Any CPU.Build.0 = Release|Any CPU
		{A0992E87-990E-4872-9BFB-CAB17F662C1A}.Debug|Any CPU.ActiveCfg = Debug|Any CPU
		{A0992E87-990E-4872-9BFB-CAB17F662C1A}.Debug|Any CPU.Build.0 = Debug|Any CPU
		{A0992E87-990E-4872-9BFB-CAB17F662C1A}.Release|Any CPU.ActiveCfg = Release|Any CPU
		{A0992E87-990E-4872-9BFB-CAB17F662C1A}.Release|Any CPU.Build.0 = Release|Any CPU
		{E2819675-AEA0-4081-926E-EFB1434E6AF1}.Debug|Any CPU.ActiveCfg = Debug|Any CPU
		{E2819675-AEA0-4081-926E-EFB1434E6AF1}.Debug|Any CPU.Build.0 = Debug|Any CPU
		{E2819675-AEA0-4081-926E-EFB1434E6AF1}.Release|Any CPU.ActiveCfg = Release|Any CPU
		{E2819675-AEA0-4081-926E-EFB1434E6AF1}.Release|Any CPU.Build.0 = Release|Any CPU
		{12565F94-BA3F-4BC5-890F-D1918A4A94B5}.Debug|Any CPU.ActiveCfg = Debug|Any CPU
		{12565F94-BA3F-4BC5-890F-D1918A4A94B5}.Debug|Any CPU.Build.0 = Debug|Any CPU
		{12565F94-BA3F-4BC5-890F-D1918A4A94B5}.Release|Any CPU.ActiveCfg = Release|Any CPU
		{12565F94-BA3F-4BC5-890F-D1918A4A94B5}.Release|Any CPU.Build.0 = Release|Any CPU
		{ACF40C16-DD12-44AC-8D90-085D8FE17D8E}.Debug|Any CPU.ActiveCfg = Debug|Any CPU
		{ACF40C16-DD12-44AC-8D90-085D8FE17D8E}.Debug|Any CPU.Build.0 = Debug|Any CPU
		{ACF40C16-DD12-44AC-8D90-085D8FE17D8E}.Release|Any CPU.ActiveCfg = Release|Any CPU
		{ACF40C16-DD12-44AC-8D90-085D8FE17D8E}.Release|Any CPU.Build.0 = Release|Any CPU
		{B8DEF235-2251-462E-AE4A-46ACE6C2B77A}.Debug|Any CPU.ActiveCfg = Debug|Any CPU
		{B8DEF235-2251-462E-AE4A-46ACE6C2B77A}.Debug|Any CPU.Build.0 = Debug|Any CPU
		{B8DEF235-2251-462E-AE4A-46ACE6C2B77A}.Release|Any CPU.ActiveCfg = Release|Any CPU
		{B8DEF235-2251-462E-AE4A-46ACE6C2B77A}.Release|Any CPU.Build.0 = Release|Any CPU
		{77C3DA53-CF48-4D99-81A7-056904CDF82D}.Debug|Any CPU.ActiveCfg = Debug|Any CPU
		{77C3DA53-CF48-4D99-81A7-056904CDF82D}.Debug|Any CPU.Build.0 = Debug|Any CPU
		{77C3DA53-CF48-4D99-81A7-056904CDF82D}.Release|Any CPU.ActiveCfg = Release|Any CPU
		{77C3DA53-CF48-4D99-81A7-056904CDF82D}.Release|Any CPU.Build.0 = Release|Any CPU
		{3AB6D197-140D-4885-8E77-05DAA6055A3F}.Debug|Any CPU.ActiveCfg = Debug|Any CPU
		{3AB6D197-140D-4885-8E77-05DAA6055A3F}.Debug|Any CPU.Build.0 = Debug|Any CPU
		{3AB6D197-140D-4885-8E77-05DAA6055A3F}.Release|Any CPU.ActiveCfg = Release|Any CPU
		{3AB6D197-140D-4885-8E77-05DAA6055A3F}.Release|Any CPU.Build.0 = Release|Any CPU
		{ACA6F7A3-A8B8-4750-BD98-A665396762AF}.Debug|Any CPU.ActiveCfg = Debug|Any CPU
		{ACA6F7A3-A8B8-4750-BD98-A665396762AF}.Debug|Any CPU.Build.0 = Debug|Any CPU
		{ACA6F7A3-A8B8-4750-BD98-A665396762AF}.Release|Any CPU.ActiveCfg = Release|Any CPU
		{ACA6F7A3-A8B8-4750-BD98-A665396762AF}.Release|Any CPU.Build.0 = Release|Any CPU
		{FBD0E155-683F-4F4A-B46F-FA489344ACF0}.Debug|Any CPU.ActiveCfg = Debug|Any CPU
		{FBD0E155-683F-4F4A-B46F-FA489344ACF0}.Debug|Any CPU.Build.0 = Debug|Any CPU
		{FBD0E155-683F-4F4A-B46F-FA489344ACF0}.Release|Any CPU.ActiveCfg = Release|Any CPU
		{FBD0E155-683F-4F4A-B46F-FA489344ACF0}.Release|Any CPU.Build.0 = Release|Any CPU
		{9FF52C38-BB88-4E59-8432-71B842EDC45B}.Debug|Any CPU.ActiveCfg = Debug|Any CPU
		{9FF52C38-BB88-4E59-8432-71B842EDC45B}.Debug|Any CPU.Build.0 = Debug|Any CPU
		{9FF52C38-BB88-4E59-8432-71B842EDC45B}.Release|Any CPU.ActiveCfg = Release|Any CPU
		{9FF52C38-BB88-4E59-8432-71B842EDC45B}.Release|Any CPU.Build.0 = Release|Any CPU
		{DEB87B62-EBA1-41F0-9C19-275443A0952D}.Debug|Any CPU.ActiveCfg = Debug|Any CPU
		{DEB87B62-EBA1-41F0-9C19-275443A0952D}.Debug|Any CPU.Build.0 = Debug|Any CPU
		{DEB87B62-EBA1-41F0-9C19-275443A0952D}.Release|Any CPU.ActiveCfg = Release|Any CPU
		{DEB87B62-EBA1-41F0-9C19-275443A0952D}.Release|Any CPU.Build.0 = Release|Any CPU
		{714F1F8B-5DA0-4ED7-B08B-576DF4E3D168}.Debug|Any CPU.ActiveCfg = Debug|Any CPU
		{714F1F8B-5DA0-4ED7-B08B-576DF4E3D168}.Debug|Any CPU.Build.0 = Debug|Any CPU
		{714F1F8B-5DA0-4ED7-B08B-576DF4E3D168}.Release|Any CPU.ActiveCfg = Release|Any CPU
		{714F1F8B-5DA0-4ED7-B08B-576DF4E3D168}.Release|Any CPU.Build.0 = Release|Any CPU
		{78220B3E-1266-4826-B99B-80E0D4C2CEEA}.Debug|Any CPU.ActiveCfg = Debug|Any CPU
		{78220B3E-1266-4826-B99B-80E0D4C2CEEA}.Debug|Any CPU.Build.0 = Debug|Any CPU
		{78220B3E-1266-4826-B99B-80E0D4C2CEEA}.Release|Any CPU.ActiveCfg = Release|Any CPU
		{78220B3E-1266-4826-B99B-80E0D4C2CEEA}.Release|Any CPU.Build.0 = Release|Any CPU
	EndGlobalSection
	GlobalSection(SolutionProperties) = preSolution
		HideSolutionNode = FALSE
	EndGlobalSection
	GlobalSection(NestedProjects) = preSolution
		{F07FA0DF-7B2A-41E9-89A5-17E5F6DA5698} = {3B67C411-7449-4C37-BD91-B0D1F3B4E449}
		{1CF6D88B-D240-4A45-8AA1-847BFE98C60C} = {F07FA0DF-7B2A-41E9-89A5-17E5F6DA5698}
		{573A4708-EC7B-4746-96CE-B4939BCA9CCC} = {7F1C43C3-D6AF-4C73-A691-32A89A737044}
		{6FE5C155-A48A-4239-8B4A-69DC2194A20B} = {573A4708-EC7B-4746-96CE-B4939BCA9CCC}
		{25946FAA-33D3-4D78-B169-607EF04C1566} = {7F1C43C3-D6AF-4C73-A691-32A89A737044}
		{DED97C33-E778-4ED2-ABC0-6F4512BF7F31} = {7F1C43C3-D6AF-4C73-A691-32A89A737044}
		{9C1EC444-DAA7-466C-A866-CCCA102DDDF3} = {7F1C43C3-D6AF-4C73-A691-32A89A737044}
		{7CE90E80-1984-4ABE-B790-D31822E75D2A} = {7F1C43C3-D6AF-4C73-A691-32A89A737044}
		{672F9467-6E30-48A8-B072-D205A31FEBAD} = {4FD176F6-2CCA-4ECB-BB2F-212016BCBE5C}
		{60E9280C-306C-4F5A-B01B-4A19910B89A3} = {4FD176F6-2CCA-4ECB-BB2F-212016BCBE5C}
		{4F9A188C-E5C8-4185-A9DC-0E5ADA1A515B} = {8A37A684-5F45-4513-A956-9F23C4E2A8E0}
		{88F3BBD3-0864-430E-BA4D-6F81208B5756} = {4F9A188C-E5C8-4185-A9DC-0E5ADA1A515B}
		{A0992E87-990E-4872-9BFB-CAB17F662C1A} = {4F9A188C-E5C8-4185-A9DC-0E5ADA1A515B}
		{E2819675-AEA0-4081-926E-EFB1434E6AF1} = {4F9A188C-E5C8-4185-A9DC-0E5ADA1A515B}
		{12565F94-BA3F-4BC5-890F-D1918A4A94B5} = {4F9A188C-E5C8-4185-A9DC-0E5ADA1A515B}
		{ACF40C16-DD12-44AC-8D90-085D8FE17D8E} = {4F9A188C-E5C8-4185-A9DC-0E5ADA1A515B}
		{DFE1B7B3-F5AF-4150-81D1-13240EEBD682} = {3B67C411-7449-4C37-BD91-B0D1F3B4E449}
		{B8DEF235-2251-462E-AE4A-46ACE6C2B77A} = {DFE1B7B3-F5AF-4150-81D1-13240EEBD682}
		{29A62B4D-C821-4383-A9A1-102B42BE8006} = {8A37A684-5F45-4513-A956-9F23C4E2A8E0}
		{77C3DA53-CF48-4D99-81A7-056904CDF82D} = {29A62B4D-C821-4383-A9A1-102B42BE8006}
		{3AB6D197-140D-4885-8E77-05DAA6055A3F} = {29A62B4D-C821-4383-A9A1-102B42BE8006}
		{ACA6F7A3-A8B8-4750-BD98-A665396762AF} = {29A62B4D-C821-4383-A9A1-102B42BE8006}
		{FBD0E155-683F-4F4A-B46F-FA489344ACF0} = {29A62B4D-C821-4383-A9A1-102B42BE8006}
		{9FF52C38-BB88-4E59-8432-71B842EDC45B} = {29A62B4D-C821-4383-A9A1-102B42BE8006}
		{DEB87B62-EBA1-41F0-9C19-275443A0952D} = {4FD176F6-2CCA-4ECB-BB2F-212016BCBE5C}
		{714F1F8B-5DA0-4ED7-B08B-576DF4E3D168} = {29A62B4D-C821-4383-A9A1-102B42BE8006}
		{78220B3E-1266-4826-B99B-80E0D4C2CEEA} = {4816F138-C861-4684-BCA8-C4BA3C76DD2F}
		{4816F138-C861-4684-BCA8-C4BA3C76DD2F} = {3B67C411-7449-4C37-BD91-B0D1F3B4E449}
	EndGlobalSection
	GlobalSection(ExtensibilityGlobals) = postSolution
		SolutionGuid = {21DE9495-4B69-47B1-ABE9-50BA941E04AD}
	EndGlobalSection
EndGlobal
